Microsoft Visual Studio Solution File, Format Version 12.00
# Visual Studio Version 17
VisualStudioVersion = 17.5.2.0
MinimumVisualStudioVersion = 10.0.40219.1
Project("{FAE04EC0-301F-11D3-BF4B-00C04F79EFBC}") = "ProjetoFilmes", "ProjetoFilmes.csproj", "{39BA5E2D-AFC6-094E-9EE5-D7317A40CF0B}"
EndProject
Global
	GlobalSection(SolutionConfigurationPlatforms) = preSolution
		Debug|Any CPU = Debug|Any CPU
		Release|Any CPU = Release|Any CPU
	EndGlobalSection
	GlobalSection(ProjectConfigurationPlatforms) = postSolution
		{39BA5E2D-AFC6-094E-9EE5-D7317A40CF0B}.Debug|Any CPU.ActiveCfg = Debug|Any CPU
		{39BA5E2D-AFC6-094E-9EE5-D7317A40CF0B}.Debug|Any CPU.Build.0 = Debug|Any CPU
		{39BA5E2D-AFC6-094E-9EE5-D7317A40CF0B}.Release|Any CPU.ActiveCfg = Release|Any CPU
		{39BA5E2D-AFC6-094E-9EE5-D7317A40CF0B}.Release|Any CPU.Build.0 = Release|Any CPU
	EndGlobalSection
	GlobalSection(SolutionProperties) = preSolution
		HideSolutionNode = FALSE
	EndGlobalSection
	GlobalSection(ExtensibilityGlobals) = postSolution
		SolutionGuid = {C1B82773-9704-4247-AB5B-54243B29D269}
	EndGlobalSection
EndGlobal
